
Microsoft Visual Studio Solution File, Format Version 12.00
# Visual Studio 15
VisualStudioVersion = 15.0.28307.572
MinimumVisualStudioVersion = 10.0.40219.1
Project("{9A19103F-16F7-4668-BE54-9A1E7A4F7556}") = "DocxJsonConverter.Tests", "DocxJsonConverter.Tests\DocxJsonConverter.Tests.csproj", "{030061C5-1BEC-49BE-AF46-FFCEC6EAA630}"
EndProject
Project("{9A19103F-16F7-4668-BE54-9A1E7A4F7556}") = "docx2json", "Docx2Json\docx2json.csproj", "{FF209083-3964-4BDC-B0B3-29F305ED3839}"
EndProject
Project("{9A19103F-16F7-4668-BE54-9A1E7A4F7556}") = "json2docx", "json2docx\json2docx.csproj", "{195DE970-1286-4AF9-AC37-40771B583663}"
EndProject
Project("{9A19103F-16F7-4668-BE54-9A1E7A4F7556}") = "DocxJsonConverter", "DocxJsonConverter\DocxJsonConverter.csproj", "{9904DE8E-1C2A-47FE-A2F4-C30EF6D7DB52}"
EndProject
Project("{FAE04EC0-301F-11D3-BF4B-00C04F79EFBC}") = "DocumentTranslator", "DocumentTranslator\DocumentTranslator.csproj", "{4F5A4F5A-CC08-4289-A8E2-B9D177C37C9F}"
EndProject
Global
	GlobalSection(SolutionConfigurationPlatforms) = preSolution
		Debug|Any CPU = Debug|Any CPU
		Release|Any CPU = Release|Any CPU
	EndGlobalSection
	GlobalSection(ProjectConfigurationPlatforms) = postSolution
		{030061C5-1BEC-49BE-AF46-FFCEC6EAA630}.Debug|Any CPU.ActiveCfg = Debug|Any CPU
		{030061C5-1BEC-49BE-AF46-FFCEC6EAA630}.Debug|Any CPU.Build.0 = Debug|Any CPU
		{030061C5-1BEC-49BE-AF46-FFCEC6EAA630}.Release|Any CPU.ActiveCfg = Release|Any CPU
		{030061C5-1BEC-49BE-AF46-FFCEC6EAA630}.Release|Any CPU.Build.0 = Release|Any CPU
		{FF209083-3964-4BDC-B0B3-29F305ED3839}.Debug|Any CPU.ActiveCfg = Debug|Any CPU
		{FF209083-3964-4BDC-B0B3-29F305ED3839}.Debug|Any CPU.Build.0 = Debug|Any CPU
		{FF209083-3964-4BDC-B0B3-29F305ED3839}.Release|Any CPU.ActiveCfg = Release|Any CPU
		{FF209083-3964-4BDC-B0B3-29F305ED3839}.Release|Any CPU.Build.0 = Release|Any CPU
		{195DE970-1286-4AF9-AC37-40771B583663}.Debug|Any CPU.ActiveCfg = Debug|Any CPU
		{195DE970-1286-4AF9-AC37-40771B583663}.Debug|Any CPU.Build.0 = Debug|Any CPU
		{195DE970-1286-4AF9-AC37-40771B583663}.Release|Any CPU.ActiveCfg = Release|Any CPU
		{195DE970-1286-4AF9-AC37-40771B583663}.Release|Any CPU.Build.0 = Release|Any CPU
		{9904DE8E-1C2A-47FE-A2F4-C30EF6D7DB52}.Debug|Any CPU.ActiveCfg = Debug|Any CPU
		{9904DE8E-1C2A-47FE-A2F4-C30EF6D7DB52}.Debug|Any CPU.Build.0 = Debug|Any CPU
		{9904DE8E-1C2A-47FE-A2F4-C30EF6D7DB52}.Release|Any CPU.ActiveCfg = Release|Any CPU
		{9904DE8E-1C2A-47FE-A2F4-C30EF6D7DB52}.Release|Any CPU.Build.0 = Release|Any CPU
		{4F5A4F5A-CC08-4289-A8E2-B9D177C37C9F}.Debug|Any CPU.ActiveCfg = Debug|Any CPU
		{4F5A4F5A-CC08-4289-A8E2-B9D177C37C9F}.Debug|Any CPU.Build.0 = Debug|Any CPU
		{4F5A4F5A-CC08-4289-A8E2-B9D177C37C9F}.Release|Any CPU.ActiveCfg = Release|Any CPU
		{4F5A4F5A-CC08-4289-A8E2-B9D177C37C9F}.Release|Any CPU.Build.0 = Release|Any CPU
	EndGlobalSection
	GlobalSection(SolutionProperties) = preSolution
		HideSolutionNode = FALSE
	EndGlobalSection
	GlobalSection(ExtensibilityGlobals) = postSolution
		SolutionGuid = {BC09E2E3-CA49-4F7A-8949-899AFD337283}
	EndGlobalSection
EndGlobal
